
Microsoft Visual Studio Solution File, Format Version 12.00
# Visual Studio Version 17
VisualStudioVersion = 17.5.33424.131
MinimumVisualStudioVersion = 10.0.40219.1
Project("{FAE04EC0-301F-11D3-BF4B-00C04F79EFBC}") = "BMI", "BMI\BMI.csproj", "{5A73C4EB-6C5E-49FC-8392-0E1DCE6DF55F}"
EndProject
Global
	GlobalSection(SolutionConfigurationPlatforms) = preSolution
		Debug|Any CPU = Debug|Any CPU
		Release|Any CPU = Release|Any CPU
	EndGlobalSection
	GlobalSection(ProjectConfigurationPlatforms) = postSolution
		{5A73C4EB-6C5E-49FC-8392-0E1DCE6DF55F}.Debug|Any CPU.ActiveCfg = Debug|Any CPU
		{5A73C4EB-6C5E-49FC-8392-0E1DCE6DF55F}.Debug|Any CPU.Build.0 = Debug|Any CPU
		{5A73C4EB-6C5E-49FC-8392-0E1DCE6DF55F}.Release|Any CPU.ActiveCfg = Release|Any CPU
		{5A73C4EB-6C5E-49FC-8392-0E1DCE6DF55F}.Release|Any CPU.Build.0 = Release|Any CPU
	EndGlobalSection
	GlobalSection(SolutionProperties) = preSolution
		HideSolutionNode = FALSE
	EndGlobalSection
	GlobalSection(ExtensibilityGlobals) = postSolution
		SolutionGuid = {D626D126-A907-4CAD-9F78-1A9DCE61BA61}
	EndGlobalSection
EndGlobal
